// !$*UTF8*$!
{
	archiveVersion = 1;
	classes = {
	};
	objectVersion = 46;
	objects = {

/* Begin PBXBuildFile section */
		00F05BC51DF7E1720007D052 /* FoxitText.pdf in Resources */ = {isa = PBXBuildFile; fileRef = 00F05BC41DF7E1720007D052 /* FoxitText.pdf */; };
		00F05BCA1DF7E6880007D052 /* testView.m in Sources */ = {isa = PBXBuildFile; fileRef = 00F05BC91DF7E6880007D052 /* testView.m */; };
		AD60A7E91DF61F6600D122A5 /* main.m in Sources */ = {isa = PBXBuildFile; fileRef = AD60A7E81DF61F6600D122A5 /* main.m */; };
		AD60A7EC1DF61F6600D122A5 /* AppDelegate.m in Sources */ = {isa = PBXBuildFile; fileRef = AD60A7EB1DF61F6600D122A5 /* AppDelegate.m */; };
		AD60A7EF1DF61F6600D122A5 /* ViewController.m in Sources */ = {isa = PBXBuildFile; fileRef = AD60A7EE1DF61F6600D122A5 /* ViewController.m */; };
		AD60A7F21DF61F6600D122A5 /* Main.storyboard in Resources */ = {isa = PBXBuildFile; fileRef = AD60A7F01DF61F6600D122A5 /* Main.storyboard */; };
		AD60A7F41DF61F6600D122A5 /* Assets.xcassets in Resources */ = {isa = PBXBuildFile; fileRef = AD60A7F31DF61F6600D122A5 /* Assets.xcassets */; };
		AD60A7F71DF61F6600D122A5 /* LaunchScreen.storyboard in Resources */ = {isa = PBXBuildFile; fileRef = AD60A7F51DF61F6600D122A5 /* LaunchScreen.storyboard */; };
		AD60A7FF1DF61F8E00D122A5 /* FoxitRDK.framework in Frameworks */ = {isa = PBXBuildFile; fileRef = AD60A7FE1DF61F8E00D122A5 /* FoxitRDK.framework */; };
		AD60A8001DF61F9E00D122A5 /* FoxitRDK.framework in Frameworks */ = {isa = PBXBuildFile; fileRef = AD60A7FE1DF61F8E00D122A5 /* FoxitRDK.framework */; };
		AD60A8011DF61F9E00D122A5 /* FoxitRDK.framework in Embed Frameworks */ = {isa = PBXBuildFile; fileRef = AD60A7FE1DF61F8E00D122A5 /* FoxitRDK.framework */; settings = {ATTRIBUTES = (CodeSignOnCopy, RemoveHeadersOnCopy, ); }; };
		AD832BF21DF6234C008E9689 /* developer_guide_ios.pdf in Resources */ = {isa = PBXBuildFile; fileRef = AD832BF11DF6234C008E9689 /* developer_guide_ios.pdf */; };
/* End PBXBuildFile section */

/* Begin PBXCopyFilesBuildPhase section */
		AD60A8021DF61F9E00D122A5 /* Embed Frameworks */ = {
			isa = PBXCopyFilesBuildPhase;
			buildActionMask = 2147483647;
			dstPath = "";
			dstSubfolderSpec = 10;
			files = (
				AD60A8011DF61F9E00D122A5 /* FoxitRDK.framework in Embed Frameworks */,
			);
			name = "Embed Frameworks";
			runOnlyForDeploymentPostprocessing = 0;
		};
/* End PBXCopyFilesBuildPhase section */

/* Begin PBXFileReference section */
		00F05BC41DF7E1720007D052 /* FoxitText.pdf */ = {isa = PBXFileReference; lastKnownFileType = image.pdf; path = FoxitText.pdf; sourceTree = "<group>"; };
		00F05BC91DF7E6880007D052 /* testView.m */ = {isa = PBXFileReference; fileEncoding = 4; lastKnownFileType = sourcecode.c.objc; path = testView.m; sourceTree = "<group>"; };
		00F05BCB1DF7E6A10007D052 /* testView.h */ = {isa = PBXFileReference; lastKnownFileType = sourcecode.c.h; path = testView.h; sourceTree = "<group>"; };
		AD60A7E41DF61F6500D122A5 /* iosRDKAppendPageViewDemo.app */ = {isa = PBXFileReference; explicitFileType = wrapper.application; includeInIndex = 0; path = iosRDKAppendPageViewDemo.app; sourceTree = BUILT_PRODUCTS_DIR; };
		AD60A7E81DF61F6600D122A5 /* main.m */ = {isa = PBXFileReference; lastKnownFileType = sourcecode.c.objc; path = main.m; sourceTree = "<group>"; };
		AD60A7EA1DF61F6600D122A5 /* AppDelegate.h */ = {isa = PBXFileReference; lastKnownFileType = sourcecode.c.h; path = AppDelegate.h; sourceTree = "<group>"; };
		AD60A7EB1DF61F6600D122A5 /* AppDelegate.m */ = {isa = PBXFileReference; lastKnownFileType = sourcecode.c.objc; path = AppDelegate.m; sourceTree = "<group>"; };
		AD60A7ED1DF61F6600D122A5 /* ViewController.h */ = {isa = PBXFileReference; lastKnownFileType = sourcecode.c.h; path = ViewController.h; sourceTree = "<group>"; };
		AD60A7EE1DF61F6600D122A5 /* ViewController.m */ = {isa = PBXFileReference; lastKnownFileType = sourcecode.c.objc; path = ViewController.m; sourceTree = "<group>"; };
		AD60A7F11DF61F6600D122A5 /* Base */ = {isa = PBXFileReference; lastKnownFileType = file.storyboard; name = Base; path = Base.lproj/Main.storyboard; sourceTree = "<group>"; };
		AD60A7F31DF61F6600D122A5 /* Assets.xcassets */ = {isa = PBXFileReference; lastKnownFileType = folder.assetcatalog; path = Assets.xcassets; sourceTree = "<group>"; };
		AD60A7F61DF61F6600D122A5 /* Base */ = {isa = PBXFileReference; lastKnownFileType = file.storyboard; name = Base; path = Base.lproj/LaunchScreen.storyboard; sourceTree = "<group>"; };
		AD60A7F81DF61F6600D122A5 /* Info.plist */ = {isa = PBXFileReference; lastKnownFileType = text.plist.xml; path = Info.plist; sourceTree = "<group>"; };
		AD60A7FE1DF61F8E00D122A5 /* FoxitRDK.framework */ = {isa = PBXFileReference; lastKnownFileType = wrapper.framework; path = FoxitRDK.framework; sourceTree = "<group>"; };
		AD832BF11DF6234C008E9689 /* developer_guide_ios.pdf */ = {isa = PBXFileReference; lastKnownFileType = image.pdf; path = developer_guide_ios.pdf; sourceTree = "<group>"; };
/* End PBXFileReference section */

/* Begin PBXFrameworksBuildPhase section */
		AD60A7E11DF61F6500D122A5 /* Frameworks */ = {
			isa = PBXFrameworksBuildPhase;
			buildActionMask = 2147483647;
			files = (
				AD60A7FF1DF61F8E00D122A5 /* FoxitRDK.framework in Frameworks */,
				AD60A8001DF61F9E00D122A5 /* FoxitRDK.framework in Frameworks */,
			);
			runOnlyForDeploymentPostprocessing = 0;
		};
/* End PBXFrameworksBuildPhase section */

/* Begin PBXGroup section */
		AD60A7DB1DF61F6500D122A5 = {
			isa = PBXGroup;
			children = (
				00F05BC41DF7E1720007D052 /* FoxitText.pdf */,
				AD832BF11DF6234C008E9689 /* developer_guide_ios.pdf */,
				AD60A7FE1DF61F8E00D122A5 /* FoxitRDK.framework */,
				AD60A7E61DF61F6600D122A5 /* iosRDKAppendPageViewDemo */,
				AD60A7E51DF61F6500D122A5 /* Products */,
			);
			sourceTree = "<group>";
		};
		AD60A7E51DF61F6500D122A5 /* Products */ = {
			isa = PBXGroup;
			children = (
				AD60A7E41DF61F6500D122A5 /* iosRDKAppendPageViewDemo.app */,
			);
			name = Products;
			sourceTree = "<group>";
		};
		AD60A7E61DF61F6600D122A5 /* iosRDKAppendPageViewDemo */ = {
			isa = PBXGroup;
			children = (
				AD60A7EA1DF61F6600D122A5 /* AppDelegate.h */,
				AD60A7EB1DF61F6600D122A5 /* AppDelegate.m */,
				AD60A7ED1DF61F6600D122A5 /* ViewController.h */,
				AD60A7EE1DF61F6600D122A5 /* ViewController.m */,
				00F05BCB1DF7E6A10007D052 /* testView.h */,
				00F05BC91DF7E6880007D052 /* testView.m */,
				AD60A7F01DF61F6600D122A5 /* Main.storyboard */,
				AD60A7F31DF61F6600D122A5 /* Assets.xcassets */,
				AD60A7F51DF61F6600D122A5 /* LaunchScreen.storyboard */,
				AD60A7F81DF61F6600D122A5 /* Info.plist */,
				AD60A7E71DF61F6600D122A5 /* Supporting Files */,
			);
			path = iosRDKAppendPageViewDemo;
			sourceTree = "<group>";
		};
		AD60A7E71DF61F6600D122A5 /* Supporting Files */ = {
			isa = PBXGroup;
			children = (
				AD60A7E81DF61F6600D122A5 /* main.m */,
			);
			name = "Supporting Files";
			sourceTree = "<group>";
		};
/* End PBXGroup section */

/* Begin PBXNativeTarget section */
		AD60A7E31DF61F6500D122A5 /* iosRDKAppendPageViewDemo */ = {
			isa = PBXNativeTarget;
			buildConfigurationList = AD60A7FB1DF61F6600D122A5 /* Build configuration list for PBXNativeTarget "iosRDKAppendPageViewDemo" */;
			buildPhases = (
				AD60A7E01DF61F6500D122A5 /* Sources */,
				AD60A7E11DF61F6500D122A5 /* Frameworks */,
				AD60A7E21DF61F6500D122A5 /* Resources */,
				AD60A8021DF61F9E00D122A5 /* Embed Frameworks */,
			);
			buildRules = (
			);
			dependencies = (
			);
			name = iosRDKAppendPageViewDemo;
			productName = iosRDKAppendPageViewDemo;
			productReference = AD60A7E41DF61F6500D122A5 /* iosRDKAppendPageViewDemo.app */;
			productType = "com.apple.product-type.application";
		};
/* End PBXNativeTarget section */

/* Begin PBXProject section */
		AD60A7DC1DF61F6500D122A5 /* Project object */ = {
			isa = PBXProject;
			attributes = {
				LastUpgradeCheck = 0730;
				ORGANIZATIONNAME = Foxit;
				TargetAttributes = {
					AD60A7E31DF61F6500D122A5 = {
						CreatedOnToolsVersion = 7.3;
					};
				};
			};
			buildConfigurationList = AD60A7DF1DF61F6500D122A5 /* Build configuration list for PBXProject "iosRDKAppendPageViewDemo" */;
			compatibilityVersion = "Xcode 3.2";
			developmentRegion = English;
			hasScannedForEncodings = 0;
			knownRegions = (
				en,
				Base,
			);
			mainGroup = AD60A7DB1DF61F6500D122A5;
			productRefGroup = AD60A7E51DF61F6500D122A5 /* Products */;
			projectDirPath = "";
			projectRoot = "";
			targets = (
				AD60A7E31DF61F6500D122A5 /* iosRDKAppendPageViewDemo */,
			);
		};
/* End PBXProject section */

/* Begin PBXResourcesBuildPhase section */
		AD60A7E21DF61F6500D122A5 /* Resources */ = {
			isa = PBXResourcesBuildPhase;
			buildActionMask = 2147483647;
			files = (
				AD832BF21DF6234C008E9689 /* developer_guide_ios.pdf in Resources */,
				AD60A7F71DF61F6600D122A5 /* LaunchScreen.storyboard in Resources */,
				00F05BC51DF7E1720007D052 /* FoxitText.pdf in Resources */,
				AD60A7F41DF61F6600D122A5 /* Assets.xcassets in Resources */,
				AD60A7F21DF61F6600D122A5 /* Main.storyboard in Resources */,
			);
			runOnlyForDeploymentPostprocessing = 0;
		};
/* End PBXResourcesBuildPhase section */

/* Begin PBXSourcesBuildPhase section */
		AD60A7E01DF61F6500D122A5 /* Sources */ = {
			isa = PBXSourcesBuildPhase;
			buildActionMask = 2147483647;
			files = (
				00F05BCA1DF7E6880007D052 /* testView.m in Sources */,
				AD60A7EF1DF61F6600D122A5 /* ViewController.m in Sources */,
				AD60A7EC1DF61F6600D122A5 /* AppDelegate.m in Sources */,
				AD60A7E91DF61F6600D122A5 /* main.m in Sources */,
			);
			runOnlyForDeploymentPostprocessing = 0;
		};
/* End PBXSourcesBuildPhase section */

/* Begin PBXVariantGroup section */
		AD60A7F01DF61F6600D122A5 /* Main.storyboard */ = {
			isa = PBXVariantGroup;
			children = (
				AD60A7F11DF61F6600D122A5 /* Base */,
			);
			name = Main.storyboard;
			sourceTree = "<group>";
		};
		AD60A7F51DF61F6600D122A5 /* LaunchScreen.storyboard */ = {
			isa = PBXVariantGroup;
			children = (
				AD60A7F61DF61F6600D122A5 /* Base */,
			);
			name = LaunchScreen.storyboard;
			sourceTree = "<group>";
		};
/* End PBXVariantGroup section */

/* Begin XCBuildConfiguration section */
		AD60A7F91DF61F6600D122A5 /* Debug */ = {
			isa = XCBuildConfiguration;
			buildSettings = {
				ALWAYS_SEARCH_USER_PATHS = NO;
				CLANG_ANALYZER_NONNULL = YES;
				CLANG_CXX_LANGUAGE_STANDARD = "gnu++0x";
				CLANG_CXX_LIBRARY = "libc++";
				CLANG_ENABLE_MODULES = YES;
				CLANG_ENABLE_OBJC_ARC = YES;
				CLANG_WARN_BOOL_CONVERSION = YES;
				CLANG_WARN_CONSTANT_CONVERSION = YES;
				CLANG_WARN_DIRECT_OBJC_ISA_USAGE = YES_ERROR;
				CLANG_WARN_EMPTY_BODY = YES;
				CLANG_WARN_ENUM_CONVERSION = YES;
				CLANG_WARN_INT_CONVERSION = YES;
				CLANG_WARN_OBJC_ROOT_CLASS = YES_ERROR;
				CLANG_WARN_UNREACHABLE_CODE = YES;
				CLANG_WARN__DUPLICATE_METHOD_MATCH = YES;
				"CODE_SIGN_IDENTITY[sdk=iphoneos*]" = "iPhone Developer";
				COPY_PHASE_STRIP = NO;
				DEBUG_INFORMATION_FORMAT = dwarf;
				ENABLE_STRICT_OBJC_MSGSEND = YES;
				ENABLE_TESTABILITY = YES;
				GCC_C_LANGUAGE_STANDARD = gnu99;
				GCC_DYNAMIC_NO_PIC = NO;
				GCC_NO_COMMON_BLOCKS = YES;
				GCC_OPTIMIZATION_LEVEL = 0;
				GCC_PREPROCESSOR_DEFINITIONS = (
					"DEBUG=1",
					"$(inherited)",
				);
				GCC_WARN_64_TO_32_BIT_CONVERSION = YES;
				GCC_WARN_ABOUT_RETURN_TYPE = YES_ERROR;
				GCC_WARN_UNDECLARED_SELECTOR = YES;
				GCC_WARN_UNINITIALIZED_AUTOS = YES_AGGRESSIVE;
				GCC_WARN_UNUSED_FUNCTION = YES;
				GCC_WARN_UNUSED_VARIABLE = YES;
				IPHONEOS_DEPLOYMENT_TARGET = 9.3;
				MTL_ENABLE_DEBUG_INFO = YES;
				ONLY_ACTIVE_ARCH = YES;
				SDKROOT = iphoneos;
				TARGETED_DEVICE_FAMILY = "1,2";
			};
			name = Debug;
		};
		AD60A7FA1DF61F6600D122A5 /* Release */ = {
			isa = XCBuildConfiguration;
			buildSettings = {
				ALWAYS_SEARCH_USER_PATHS = NO;
				CLANG_ANALYZER_NONNULL = YES;
				CLANG_CXX_LANGUAGE_STANDARD = "gnu++0x";
				CLANG_CXX_LIBRARY = "libc++";
				CLANG_ENABLE_MODULES = YES;
				CLANG_ENABLE_OBJC_ARC = YES;
				CLANG_WARN_BOOL_CONVERSION = YES;
				CLANG_WARN_CONSTANT_CONVERSION = YES;
				CLANG_WARN_DIRECT_OBJC_ISA_USAGE = YES_ERROR;
				CLANG_WARN_EMPTY_BODY = YES;
				CLANG_WARN_ENUM_CONVERSION = YES;
				CLANG_WARN_INT_CONVERSION = YES;
				CLANG_WARN_OBJC_ROOT_CLASS = YES_ERROR;
				CLANG_WARN_UNREACHABLE_CODE = YES;
				CLANG_WARN__DUPLICATE_METHOD_MATCH = YES;
				"CODE_SIGN_IDENTITY[sdk=iphoneos*]" = "iPhone Developer";
				COPY_PHASE_STRIP = NO;
				DEBUG_INFORMATION_FORMAT = "dwarf-with-dsym";
				ENABLE_NS_ASSERTIONS = NO;
				ENABLE_STRICT_OBJC_MSGSEND = YES;
				GCC_C_LANGUAGE_STANDARD = gnu99;
				GCC_NO_COMMON_BLOCKS = YES;
				GCC_WARN_64_TO_32_BIT_CONVERSION = YES;
				GCC_WARN_ABOUT_RETURN_TYPE = YES_ERROR;
				GCC_WARN_UNDECLARED_SELECTOR = YES;
				GCC_WARN_UNINITIALIZED_AUTOS = YES_AGGRESSIVE;
				GCC_WARN_UNUSED_FUNCTION = YES;
				GCC_WARN_UNUSED_VARIABLE = YES;
				IPHONEOS_DEPLOYMENT_TARGET = 9.3;
				MTL_ENABLE_DEBUG_INFO = NO;
				SDKROOT = iphoneos;
				TARGETED_DEVICE_FAMILY = "1,2";
				VALIDATE_PRODUCT = YES;
			};
			name = Release;
		};
		AD60A7FC1DF61F6600D122A5 /* Debug */ = {
			isa = XCBuildConfiguration;
			buildSettings = {
				ASSETCATALOG_COMPILER_APPICON_NAME = AppIcon;
				CODE_SIGN_IDENTITY = "iPhone Developer: hong_zhang@foxitsoftware.com (95VB982C73)";
				"CODE_SIGN_IDENTITY[sdk=iphoneos*]" = "iPhone Developer: hong_zhang@foxitsoftware.com (95VB982C73)";
				FRAMEWORK_SEARCH_PATHS = (
					"$(inherited)",
					"$(PROJECT_DIR)",
				);
				INFOPLIST_FILE = iosRDKAppendPageViewDemo/Info.plist;
				LD_RUNPATH_SEARCH_PATHS = "$(inherited) @executable_path/Frameworks";
				PRODUCT_BUNDLE_IDENTIFIER = Foxit.iosRDKAppendPageViewDemo;
				PRODUCT_NAME = "$(TARGET_NAME)";
			};
			name = Debug;
		};
		AD60A7FD1DF61F6600D122A5 /* Release */ = {
			isa = XCBuildConfiguration;
			buildSettings = {
				ASSETCATALOG_COMPILER_APPICON_NAME = AppIcon;
				CODE_SIGN_IDENTITY = "iPhone Developer: hong_zhang@foxitsoftware.com (95VB982C73)";
				"CODE_SIGN_IDENTITY[sdk=iphoneos*]" = "iPhone Developer: hong_zhang@foxitsoftware.com (95VB982C73)";
				FRAMEWORK_SEARCH_PATHS = (
					"$(inherited)",
					"$(PROJECT_DIR)",
				);
				INFOPLIST_FILE = iosRDKAppendPageViewDemo/Info.plist;
				LD_RUNPATH_SEARCH_PATHS = "$(inherited) @executable_path/Frameworks";
				PRODUCT_BUNDLE_IDENTIFIER = Foxit.iosRDKAppendPageViewDemo;
				PRODUCT_NAME = "$(TARGET_NAME)";
			};
			name = Release;
		};
/* End XCBuildConfiguration section */

/* Begin XCConfigurationList section */
		AD60A7DF1DF61F6500D122A5 /* Build configuration list for PBXProject "iosRDKAppendPageViewDemo" */ = {
			isa = XCConfigurationList;
			buildConfigurations = (
				AD60A7F91DF61F6600D122A5 /* Debug */,
				AD60A7FA1DF61F6600D122A5 /* Release */,
			);
			defaultConfigurationIsVisible = 0;
			defaultConfigurationName = Release;
		};
		AD60A7FB1DF61F6600D122A5 /* Build configuration list for PBXNativeTarget "iosRDKAppendPageViewDemo" */ = {
			isa = XCConfigurationList;
			buildConfigurations = (
				AD60A7FC1DF61F6600D122A5 /* Debug */,
				AD60A7FD1DF61F6600D122A5 /* Release */,
			);
			defaultConfigurationIsVisible = 0;
			defaultConfigurationName = Release;
		};
/* End XCConfigurationList section */
	};
	rootObject = AD60A7DC1DF61F6500D122A5 /* Project object */;
}
